schema: '2.0'
stages:
  preprocess:
    cmd: python src/preprocess.py
    deps:
    - path: data/raw/steel_energy_modified.csv
      hash: md5
      md5: 066018aa01ed991bf060cdfe01c15834
      size: 3157634
    - path: src/preprocess.py
      hash: md5
      md5: b6ad0aa7adf006e7bbbbd59cc8d2dc91
      size: 7859
    outs:
    - path: data/processed/steel_energy_modified_clean.csv
      hash: md5
      md5: 22132a9298fa6d703593b741a1da9f53
      size: 2511322
  train:
    cmd: python src/train.py
    deps:
    - path: data/processed/steel_energy_modified_clean.csv
      hash: md5
      md5: 22132a9298fa6d703593b741a1da9f53
      size: 2511322
    - path: src/train.py
      hash: md5
      md5: 3d777369461fa5d81adb97926abcf17b
      size: 34565
