schema: '2.0'
stages:
  preprocess:
    cmd: python src/preprocess.py
    deps:
    - path: data/raw/steel_energy_modified.csv
      hash: md5
      md5: 066018aa01ed991bf060cdfe01c15834
      size: 3157634
    - path: src/preprocess.py
      hash: md5
      md5: 0a6327bf850b6e3ed1256da023e8eb14
      size: 3415
    outs:
    - path: data/processed/steel_energy_modified_clean.csv
      hash: md5
      md5: a289f58a492807aaae526cdd2741aa17
      size: 2511127
