schema: '2.0'
stages:
  preprocess:
    cmd: python src/preprocess.py
    deps:
    - path: data/raw/steel_energy_modified.csv
      hash: md5
      md5: 066018aa01ed991bf060cdfe01c15834
      size: 3157634
    - path: src/preprocess.py
      hash: md5
      md5: 30471edac1e6f7c43448a2d7ce7789da
      size: 7766
    outs:
    - path: data/processed/steel_energy_modified_clean.csv
      hash: md5
      md5: 22132a9298fa6d703593b741a1da9f53
      size: 2511322
  train:
    cmd: python src/train.py
    deps:
    - path: data/processed/steel_energy_modified_clean.csv
      hash: md5
      md5: 22132a9298fa6d703593b741a1da9f53
      size: 2511322
    - path: src/train.py
      hash: md5
      md5: e9c67e3034a4d394c9253af389361b8a
      size: 14555
